// !$*UTF8*$!
{
	archiveVersion = 1;
	classes = {
	};
	objectVersion = 55;
	objects = {

/* Begin PBXBuildFile section */
		43FF83780A8044BAF5C15E66 /* Pods_BeCopied.framework in Frameworks */ = {isa = PBXBuildFile; fileRef = 2F4CFC7A95824B887C224DAE /* Pods_BeCopied.framework */; };
		C56E19D8281D546D006451B2 /* Writing.swift in Sources */ = {isa = PBXBuildFile; fileRef = C56E19D7281D546D006451B2 /* Writing.swift */; };
		C578D6B928197580004A4BBF /* AppDelegate.swift in Sources */ = {isa = PBXBuildFile; fileRef = C578D6B828197580004A4BBF /* AppDelegate.swift */; };
		C578D6BB28197580004A4BBF /* SceneDelegate.swift in Sources */ = {isa = PBXBuildFile; fileRef = C578D6BA28197580004A4BBF /* SceneDelegate.swift */; };
		C578D6BD28197580004A4BBF /* ViewController.swift in Sources */ = {isa = PBXBuildFile; fileRef = C578D6BC28197580004A4BBF /* ViewController.swift */; };
		C578D6C028197580004A4BBF /* Main.storyboard in Resources */ = {isa = PBXBuildFile; fileRef = C578D6BE28197580004A4BBF /* Main.storyboard */; };
		C578D6C228197582004A4BBF /* Assets.xcassets in Resources */ = {isa = PBXBuildFile; fileRef = C578D6C128197582004A4BBF /* Assets.xcassets */; };
		C578D6C528197582004A4BBF /* LaunchScreen.storyboard in Resources */ = {isa = PBXBuildFile; fileRef = C578D6C328197582004A4BBF /* LaunchScreen.storyboard */; };
		C578D6D22819816B004A4BBF /* CollectionViewCell.swift in Sources */ = {isa = PBXBuildFile; fileRef = C578D6D02819816B004A4BBF /* CollectionViewCell.swift */; };
		C578D6D32819816B004A4BBF /* CollectionViewCell.xib in Resources */ = {isa = PBXBuildFile; fileRef = C578D6D12819816B004A4BBF /* CollectionViewCell.xib */; };
		C59590D1281A96F6007612C1 /* CollectionSelectViewController.swift in Sources */ = {isa = PBXBuildFile; fileRef = C59590D0281A96F6007612C1 /* CollectionSelectViewController.swift */; };
		C59590D3281A972E007612C1 /* DetailViewController.swift in Sources */ = {isa = PBXBuildFile; fileRef = C59590D2281A972E007612C1 /* DetailViewController.swift */; };
		C59590D5281A9755007612C1 /* WritingViewController.swift in Sources */ = {isa = PBXBuildFile; fileRef = C59590D4281A9755007612C1 /* WritingViewController.swift */; };
		C59590D7281AA331007612C1 /* DescriptionEntities.swift in Sources */ = {isa = PBXBuildFile; fileRef = C59590D6281AA331007612C1 /* DescriptionEntities.swift */; };
		C59C09C62823FDB400900479 /* SnapKit in Frameworks */ = {isa = PBXBuildFile; productRef = C59C09C52823FDB400900479 /* SnapKit */; };
/* End PBXBuildFile section */

/* Begin PBXFileReference section */
		0B562EEABA9AAE292EBE25E6 /* Pods-BeCopied.debug.xcconfig */ = {isa = PBXFileReference; includeInIndex = 1; lastKnownFileType = text.xcconfig; name = "Pods-BeCopied.debug.xcconfig"; path = "Target Support Files/Pods-BeCopied/Pods-BeCopied.debug.xcconfig"; sourceTree = "<group>"; };
		2F4CFC7A95824B887C224DAE /* Pods_BeCopied.framework */ = {isa = PBXFileReference; explicitFileType = wrapper.framework; includeInIndex = 0; path = Pods_BeCopied.framework; sourceTree = BUILT_PRODUCTS_DIR; };
		B17DA250D068E24B70CA0BC7 /* Pods-BeCopied.release.xcconfig */ = {isa = PBXFileReference; includeInIndex = 1; lastKnownFileType = text.xcconfig; name = "Pods-BeCopied.release.xcconfig"; path = "Target Support Files/Pods-BeCopied/Pods-BeCopied.release.xcconfig"; sourceTree = "<group>"; };
		C56E19D7281D546D006451B2 /* Writing.swift */ = {isa = PBXFileReference; lastKnownFileType = sourcecode.swift; path = Writing.swift; sourceTree = "<group>"; };
		C578D6B528197580004A4BBF /* BeCopied.app */ = {isa = PBXFileReference; explicitFileType = wrapper.application; includeInIndex = 0; path = BeCopied.app; sourceTree = BUILT_PRODUCTS_DIR; };
		C578D6B828197580004A4BBF /* AppDelegate.swift */ = {isa = PBXFileReference; lastKnownFileType = sourcecode.swift; path = AppDelegate.swift; sourceTree = "<group>"; };
		C578D6BA28197580004A4BBF /* SceneDelegate.swift */ = {isa = PBXFileReference; lastKnownFileType = sourcecode.swift; path = SceneDelegate.swift; sourceTree = "<group>"; };
		C578D6BC28197580004A4BBF /* ViewController.swift */ = {isa = PBXFileReference; lastKnownFileType = sourcecode.swift; path = ViewController.swift; sourceTree = "<group>"; };
		C578D6BF28197580004A4BBF /* Base */ = {isa = PBXFileReference; lastKnownFileType = file.storyboard; name = Base; path = Base.lproj/Main.storyboard; sourceTree = "<group>"; };
		C578D6C128197582004A4BBF /* Assets.xcassets */ = {isa = PBXFileReference; lastKnownFileType = folder.assetcatalog; path = Assets.xcassets; sourceTree = "<group>"; };
		C578D6C428197582004A4BBF /* Base */ = {isa = PBXFileReference; lastKnownFileType = file.storyboard; name = Base; path = Base.lproj/LaunchScreen.storyboard; sourceTree = "<group>"; };
		C578D6C628197582004A4BBF /* Info.plist */ = {isa = PBXFileReference; lastKnownFileType = text.plist.xml; path = Info.plist; sourceTree = "<group>"; };
		C578D6D02819816B004A4BBF /* CollectionViewCell.swift */ = {isa = PBXFileReference; lastKnownFileType = sourcecode.swift; path = CollectionViewCell.swift; sourceTree = "<group>"; };
		C578D6D12819816B004A4BBF /* CollectionViewCell.xib */ = {isa = PBXFileReference; lastKnownFileType = file.xib; path = CollectionViewCell.xib; sourceTree = "<group>"; };
		C59590D0281A96F6007612C1 /* CollectionSelectViewController.swift */ = {isa = PBXFileReference; lastKnownFileType = sourcecode.swift; path = CollectionSelectViewController.swift; sourceTree = "<group>"; };
		C59590D2281A972E007612C1 /* DetailViewController.swift */ = {isa = PBXFileReference; lastKnownFileType = sourcecode.swift; path = DetailViewController.swift; sourceTree = "<group>"; };
		C59590D4281A9755007612C1 /* WritingViewController.swift */ = {isa = PBXFileReference; lastKnownFileType = sourcecode.swift; path = WritingViewController.swift; sourceTree = "<group>"; };
		C59590D6281AA331007612C1 /* DescriptionEntities.swift */ = {isa = PBXFileReference; lastKnownFileType = sourcecode.swift; path = DescriptionEntities.swift; sourceTree = "<group>"; };
/* End PBXFileReference section */

/* Begin PBXFrameworksBuildPhase section */
		C578D6B228197580004A4BBF /* Frameworks */ = {
			isa = PBXFrameworksBuildPhase;
			buildActionMask = 2147483647;
			files = (
				43FF83780A8044BAF5C15E66 /* Pods_BeCopied.framework in Frameworks */,
				C59C09C62823FDB400900479 /* SnapKit in Frameworks */,
			);
			runOnlyForDeploymentPostprocessing = 0;
		};
/* End PBXFrameworksBuildPhase section */

/* Begin PBXGroup section */
		04065ED7FEEB4F4CCF4C845A /* Pods */ = {
			isa = PBXGroup;
			children = (
				0B562EEABA9AAE292EBE25E6 /* Pods-BeCopied.debug.xcconfig */,
				B17DA250D068E24B70CA0BC7 /* Pods-BeCopied.release.xcconfig */,
			);
			path = Pods;
			sourceTree = "<group>";
		};
		C578D6AC28197580004A4BBF = {
			isa = PBXGroup;
			children = (
				C578D6B728197580004A4BBF /* BeCopied */,
				C578D6B628197580004A4BBF /* Products */,
				04065ED7FEEB4F4CCF4C845A /* Pods */,
				D1EB00DB567EEF004BB8EBD7 /* Frameworks */,
			);
			sourceTree = "<group>";
		};
		C578D6B628197580004A4BBF /* Products */ = {
			isa = PBXGroup;
			children = (
				C578D6B528197580004A4BBF /* BeCopied.app */,
			);
			name = Products;
			sourceTree = "<group>";
		};
		C578D6B728197580004A4BBF /* BeCopied */ = {
			isa = PBXGroup;
			children = (
				C578D6B828197580004A4BBF /* AppDelegate.swift */,
				C578D6BA28197580004A4BBF /* SceneDelegate.swift */,
				C578D6BC28197580004A4BBF /* ViewController.swift */,
				C578D6BE28197580004A4BBF /* Main.storyboard */,
				C578D6C128197582004A4BBF /* Assets.xcassets */,
				C578D6C328197582004A4BBF /* LaunchScreen.storyboard */,
				C578D6C628197582004A4BBF /* Info.plist */,
				C578D6D02819816B004A4BBF /* CollectionViewCell.swift */,
				C578D6D12819816B004A4BBF /* CollectionViewCell.xib */,
				C59590D0281A96F6007612C1 /* CollectionSelectViewController.swift */,
				C59590D2281A972E007612C1 /* DetailViewController.swift */,
				C59590D4281A9755007612C1 /* WritingViewController.swift */,
				C59590D6281AA331007612C1 /* DescriptionEntities.swift */,
				C56E19D7281D546D006451B2 /* Writing.swift */,
			);
			path = BeCopied;
			sourceTree = "<group>";
		};
		D1EB00DB567EEF004BB8EBD7 /* Frameworks */ = {
			isa = PBXGroup;
			children = (
				2F4CFC7A95824B887C224DAE /* Pods_BeCopied.framework */,
			);
			name = Frameworks;
			sourceTree = "<group>";
		};
/* End PBXGroup section */

/* Begin PBXNativeTarget section */
		C578D6B428197580004A4BBF /* BeCopied */ = {
			isa = PBXNativeTarget;
			buildConfigurationList = C578D6C928197582004A4BBF /* Build configuration list for PBXNativeTarget "BeCopied" */;
			buildPhases = (
				94AE67EBFA53C2F5E046A45A /* [CP] Check Pods Manifest.lock */,
				C578D6B128197580004A4BBF /* Sources */,
				C578D6B228197580004A4BBF /* Frameworks */,
				C578D6B328197580004A4BBF /* Resources */,
				A6B4AE109CA2A6B0872A706F /* [CP] Embed Pods Frameworks */,
			);
			buildRules = (
			);
			dependencies = (
			);
			name = BeCopied;
			packageProductDependencies = (
				C59C09C52823FDB400900479 /* SnapKit */,
			);
			productName = BeCopied;
			productReference = C578D6B528197580004A4BBF /* BeCopied.app */;
			productType = "com.apple.product-type.application";
		};
/* End PBXNativeTarget section */

/* Begin PBXProject section */
		C578D6AD28197580004A4BBF /* Project object */ = {
			isa = PBXProject;
			attributes = {
				BuildIndependentTargetsInParallel = 1;
				LastSwiftUpdateCheck = 1320;
				LastUpgradeCheck = 1320;
				TargetAttributes = {
					C578D6B428197580004A4BBF = {
						CreatedOnToolsVersion = 13.2.1;
					};
				};
			};
			buildConfigurationList = C578D6B028197580004A4BBF /* Build configuration list for PBXProject "BeCopied" */;
			compatibilityVersion = "Xcode 13.0";
			developmentRegion = en;
			hasScannedForEncodings = 0;
			knownRegions = (
				en,
				Base,
			);
			mainGroup = C578D6AC28197580004A4BBF;
			packageReferences = (
				C59C09C42823FDB400900479 /* XCRemoteSwiftPackageReference "SnapKit" */,
			);
			productRefGroup = C578D6B628197580004A4BBF /* Products */;
			projectDirPath = "";
			projectRoot = "";
			targets = (
				C578D6B428197580004A4BBF /* BeCopied */,
			);
		};
/* End PBXProject section */

/* Begin PBXResourcesBuildPhase section */
		C578D6B328197580004A4BBF /* Resources */ = {
			isa = PBXResourcesBuildPhase;
			buildActionMask = 2147483647;
			files = (
				C578D6C528197582004A4BBF /* LaunchScreen.storyboard in Resources */,
				C578D6C228197582004A4BBF /* Assets.xcassets in Resources */,
				C578D6D32819816B004A4BBF /* CollectionViewCell.xib in Resources */,
				C578D6C028197580004A4BBF /* Main.storyboard in Resources */,
			);
			runOnlyForDeploymentPostprocessing = 0;
		};
/* End PBXResourcesBuildPhase section */

/* Begin PBXShellScriptBuildPhase section */
		94AE67EBFA53C2F5E046A45A /* [CP] Check Pods Manifest.lock */ = {
			isa = PBXShellScriptBuildPhase;
			buildActionMask = 2147483647;
			files = (
			);
			inputFileListPaths = (
			);
			inputPaths = (
				"${PODS_PODFILE_DIR_PATH}/Podfile.lock",
				"${PODS_ROOT}/Manifest.lock",
			);
			name = "[CP] Check Pods Manifest.lock";
			outputFileListPaths = (
			);
			outputPaths = (
				"$(DERIVED_FILE_DIR)/Pods-BeCopied-checkManifestLockResult.txt",
			);
			runOnlyForDeploymentPostprocessing = 0;
			shellPath = /bin/sh;
			shellScript = "diff \"${PODS_PODFILE_DIR_PATH}/Podfile.lock\" \"${PODS_ROOT}/Manifest.lock\" > /dev/null\nif [ $? != 0 ] ; then\n    # print error to STDERR\n    echo \"error: The sandbox is not in sync with the Podfile.lock. Run 'pod install' or update your CocoaPods installation.\" >&2\n    exit 1\nfi\n# This output is used by Xcode 'outputs' to avoid re-running this script phase.\necho \"SUCCESS\" > \"${SCRIPT_OUTPUT_FILE_0}\"\n";
			showEnvVarsInLog = 0;
		};
		A6B4AE109CA2A6B0872A706F /* [CP] Embed Pods Frameworks */ = {
			isa = PBXShellScriptBuildPhase;
			buildActionMask = 2147483647;
			files = (
			);
			inputFileListPaths = (
				"${PODS_ROOT}/Target Support Files/Pods-BeCopied/Pods-BeCopied-frameworks-${CONFIGURATION}-input-files.xcfilelist",
			);
			name = "[CP] Embed Pods Frameworks";
			outputFileListPaths = (
				"${PODS_ROOT}/Target Support Files/Pods-BeCopied/Pods-BeCopied-frameworks-${CONFIGURATION}-output-files.xcfilelist",
			);
			runOnlyForDeploymentPostprocessing = 0;
			shellPath = /bin/sh;
			shellScript = "\"${PODS_ROOT}/Target Support Files/Pods-BeCopied/Pods-BeCopied-frameworks.sh\"\n";
			showEnvVarsInLog = 0;
		};
/* End PBXShellScriptBuildPhase section */

/* Begin PBXSourcesBuildPhase section */
		C578D6B128197580004A4BBF /* Sources */ = {
			isa = PBXSourcesBuildPhase;
			buildActionMask = 2147483647;
			files = (
				C578D6D22819816B004A4BBF /* CollectionViewCell.swift in Sources */,
				C59590D5281A9755007612C1 /* WritingViewController.swift in Sources */,
				C59590D1281A96F6007612C1 /* CollectionSelectViewController.swift in Sources */,
				C56E19D8281D546D006451B2 /* Writing.swift in Sources */,
				C578D6BD28197580004A4BBF /* ViewController.swift in Sources */,
				C59590D3281A972E007612C1 /* DetailViewController.swift in Sources */,
				C578D6B928197580004A4BBF /* AppDelegate.swift in Sources */,
				C59590D7281AA331007612C1 /* DescriptionEntities.swift in Sources */,
				C578D6BB28197580004A4BBF /* SceneDelegate.swift in Sources */,
			);
			runOnlyForDeploymentPostprocessing = 0;
		};
/* End PBXSourcesBuildPhase section */

/* Begin PBXVariantGroup section */
		C578D6BE28197580004A4BBF /* Main.storyboard */ = {
			isa = PBXVariantGroup;
			children = (
				C578D6BF28197580004A4BBF /* Base */,
			);
			name = Main.storyboard;
			sourceTree = "<group>";
		};
		C578D6C328197582004A4BBF /* LaunchScreen.storyboard */ = {
			isa = PBXVariantGroup;
			children = (
				C578D6C428197582004A4BBF /* Base */,
			);
			name = LaunchScreen.storyboard;
			sourceTree = "<group>";
		};
/* End PBXVariantGroup section */

/* Begin XCBuildConfiguration section */
		C578D6C728197582004A4BBF /* Debug */ = {
			isa = XCBuildConfiguration;
			buildSettings = {
				ALWAYS_SEARCH_USER_PATHS = NO;
				CLANG_ANALYZER_NONNULL = YES;
				CLANG_ANALYZER_NUMBER_OBJECT_CONVERSION = YES_AGGRESSIVE;
				CLANG_CXX_LANGUAGE_STANDARD = "gnu++17";
				CLANG_CXX_LIBRARY = "libc++";
				CLANG_ENABLE_MODULES = YES;
				CLANG_ENABLE_OBJC_ARC = YES;
				CLANG_ENABLE_OBJC_WEAK = YES;
				CLANG_WARN_BLOCK_CAPTURE_AUTORELEASING = YES;
				CLANG_WARN_BOOL_CONVERSION = YES;
				CLANG_WARN_COMMA = YES;
				CLANG_WARN_CONSTANT_CONVERSION = YES;
				CLANG_WARN_DEPRECATED_OBJC_IMPLEMENTATIONS = YES;
				CLANG_WARN_DIRECT_OBJC_ISA_USAGE = YES_ERROR;
				CLANG_WARN_DOCUMENTATION_COMMENTS = YES;
				CLANG_WARN_EMPTY_BODY = YES;
				CLANG_WARN_ENUM_CONVERSION = YES;
				CLANG_WARN_INFINITE_RECURSION = YES;
				CLANG_WARN_INT_CONVERSION = YES;
				CLANG_WARN_NON_LITERAL_NULL_CONVERSION = YES;
				CLANG_WARN_OBJC_IMPLICIT_RETAIN_SELF = YES;
				CLANG_WARN_OBJC_LITERAL_CONVERSION = YES;
				CLANG_WARN_OBJC_ROOT_CLASS = YES_ERROR;
				CLANG_WARN_QUOTED_INCLUDE_IN_FRAMEWORK_HEADER = YES;
				CLANG_WARN_RANGE_LOOP_ANALYSIS = YES;
				CLANG_WARN_STRICT_PROTOTYPES = YES;
				CLANG_WARN_SUSPICIOUS_MOVE = YES;
				CLANG_WARN_UNGUARDED_AVAILABILITY = YES_AGGRESSIVE;
				CLANG_WARN_UNREACHABLE_CODE = YES;
				CLANG_WARN__DUPLICATE_METHOD_MATCH = YES;
				COPY_PHASE_STRIP = NO;
				DEBUG_INFORMATION_FORMAT = dwarf;
				ENABLE_STRICT_OBJC_MSGSEND = YES;
				ENABLE_TESTABILITY = YES;
				GCC_C_LANGUAGE_STANDARD = gnu11;
				GCC_DYNAMIC_NO_PIC = NO;
				GCC_NO_COMMON_BLOCKS = YES;
				GCC_OPTIMIZATION_LEVEL = 0;
				GCC_PREPROCESSOR_DEFINITIONS = (
					"DEBUG=1",
					"$(inherited)",
				);
				GCC_WARN_64_TO_32_BIT_CONVERSION = YES;
				GCC_WARN_ABOUT_RETURN_TYPE = YES_ERROR;
				GCC_WARN_UNDECLARED_SELECTOR = YES;
				GCC_WARN_UNINITIALIZED_AUTOS = YES_AGGRESSIVE;
				GCC_WARN_UNUSED_FUNCTION = YES;
				GCC_WARN_UNUSED_VARIABLE = YES;
				IPHONEOS_DEPLOYMENT_TARGET = 15.2;
				MTL_ENABLE_DEBUG_INFO = INCLUDE_SOURCE;
				MTL_FAST_MATH = YES;
				ONLY_ACTIVE_ARCH = YES;
				SDKROOT = iphoneos;
				SWIFT_ACTIVE_COMPILATION_CONDITIONS = DEBUG;
				SWIFT_OPTIMIZATION_LEVEL = "-Onone";
			};
			name = Debug;
		};
		C578D6C828197582004A4BBF /* Release */ = {
			isa = XCBuildConfiguration;
			buildSettings = {
				ALWAYS_SEARCH_USER_PATHS = NO;
				CLANG_ANALYZER_NONNULL = YES;
				CLANG_ANALYZER_NUMBER_OBJECT_CONVERSION = YES_AGGRESSIVE;
				CLANG_CXX_LANGUAGE_STANDARD = "gnu++17";
				CLANG_CXX_LIBRARY = "libc++";
				CLANG_ENABLE_MODULES = YES;
				CLANG_ENABLE_OBJC_ARC = YES;
				CLANG_ENABLE_OBJC_WEAK = YES;
				CLANG_WARN_BLOCK_CAPTURE_AUTORELEASING = YES;
				CLANG_WARN_BOOL_CONVERSION = YES;
				CLANG_WARN_COMMA = YES;
				CLANG_WARN_CONSTANT_CONVERSION = YES;
				CLANG_WARN_DEPRECATED_OBJC_IMPLEMENTATIONS = YES;
				CLANG_WARN_DIRECT_OBJC_ISA_USAGE = YES_ERROR;
				CLANG_WARN_DOCUMENTATION_COMMENTS = YES;
				CLANG_WARN_EMPTY_BODY = YES;
				CLANG_WARN_ENUM_CONVERSION = YES;
				CLANG_WARN_INFINITE_RECURSION = YES;
				CLANG_WARN_INT_CONVERSION = YES;
				CLANG_WARN_NON_LITERAL_NULL_CONVERSION = YES;
				CLANG_WARN_OBJC_IMPLICIT_RETAIN_SELF = YES;
				CLANG_WARN_OBJC_LITERAL_CONVERSION = YES;
				CLANG_WARN_OBJC_ROOT_CLASS = YES_ERROR;
				CLANG_WARN_QUOTED_INCLUDE_IN_FRAMEWORK_HEADER = YES;
				CLANG_WARN_RANGE_LOOP_ANALYSIS = YES;
				CLANG_WARN_STRICT_PROTOTYPES = YES;
				CLANG_WARN_SUSPICIOUS_MOVE = YES;
				CLANG_WARN_UNGUARDED_AVAILABILITY = YES_AGGRESSIVE;
				CLANG_WARN_UNREACHABLE_CODE = YES;
				CLANG_WARN__DUPLICATE_METHOD_MATCH = YES;
				COPY_PHASE_STRIP = NO;
				DEBUG_INFORMATION_FORMAT = "dwarf-with-dsym";
				ENABLE_NS_ASSERTIONS = NO;
				ENABLE_STRICT_OBJC_MSGSEND = YES;
				GCC_C_LANGUAGE_STANDARD = gnu11;
				GCC_NO_COMMON_BLOCKS = YES;
				GCC_WARN_64_TO_32_BIT_CONVERSION = YES;
				GCC_WARN_ABOUT_RETURN_TYPE = YES_ERROR;
				GCC_WARN_UNDECLARED_SELECTOR = YES;
				GCC_WARN_UNINITIALIZED_AUTOS = YES_AGGRESSIVE;
				GCC_WARN_UNUSED_FUNCTION = YES;
				GCC_WARN_UNUSED_VARIABLE = YES;
				IPHONEOS_DEPLOYMENT_TARGET = 15.2;
				MTL_ENABLE_DEBUG_INFO = NO;
				MTL_FAST_MATH = YES;
				SDKROOT = iphoneos;
				SWIFT_COMPILATION_MODE = wholemodule;
				SWIFT_OPTIMIZATION_LEVEL = "-O";
				VALIDATE_PRODUCT = YES;
			};
			name = Release;
		};
		C578D6CA28197582004A4BBF /* Debug */ = {
			isa = XCBuildConfiguration;
			baseConfigurationReference = 0B562EEABA9AAE292EBE25E6 /* Pods-BeCopied.debug.xcconfig */;
			buildSettings = {
				ASSETCATALOG_COMPILER_APPICON_NAME = AppIcon;
				ASSETCATALOG_COMPILER_GLOBAL_ACCENT_COLOR_NAME = AccentColor;
				ASSETCATALOG_COMPILER_INCLUDE_ALL_APPICON_ASSETS = NO;
				CODE_SIGN_STYLE = Automatic;
				CURRENT_PROJECT_VERSION = 1;
				DEVELOPMENT_TEAM = 2QHZXV9AND;
				GENERATE_INFOPLIST_FILE = YES;
				INFOPLIST_FILE = BeCopied/Info.plist;
				INFOPLIST_KEY_UIApplicationSupportsIndirectInputEvents = YES;
				INFOPLIST_KEY_UILaunchStoryboardName = LaunchScreen;
				INFOPLIST_KEY_UIMainStoryboardFile = Main;
				INFOPLIST_KEY_UISupportedInterfaceOrientations_iPad = "UIInterfaceOrientationPortrait UIInterfaceOrientationPortraitUpsideDown UIInterfaceOrientationLandscapeLeft UIInterfaceOrientationLandscapeRight";
				INFOPLIST_KEY_UISupportedInterfaceOrientations_iPhone = "UIInterfaceOrientationPortrait UIInterfaceOrientationLandscapeLeft UIInterfaceOrientationLandscapeRight";
				LD_RUNPATH_SEARCH_PATHS = (
					"$(inherited)",
					"@executable_path/Frameworks",
				);
				MARKETING_VERSION = 1.0;
				PRODUCT_BUNDLE_IDENTIFIER = com.BeCopied;
				PRODUCT_NAME = "$(TARGET_NAME)";
				SWIFT_EMIT_LOC_STRINGS = YES;
				SWIFT_VERSION = 5.0;
				TARGETED_DEVICE_FAMILY = "1,2";
			};
			name = Debug;
		};
		C578D6CB28197582004A4BBF /* Release */ = {
			isa = XCBuildConfiguration;
			baseConfigurationReference = B17DA250D068E24B70CA0BC7 /* Pods-BeCopied.release.xcconfig */;
			buildSettings = {
				ASSETCATALOG_COMPILER_APPICON_NAME = AppIcon;
				ASSETCATALOG_COMPILER_GLOBAL_ACCENT_COLOR_NAME = AccentColor;
				ASSETCATALOG_COMPILER_INCLUDE_ALL_APPICON_ASSETS = NO;
				CODE_SIGN_STYLE = Automatic;
				CURRENT_PROJECT_VERSION = 1;
				DEVELOPMENT_TEAM = 2QHZXV9AND;
				GENERATE_INFOPLIST_FILE = YES;
				INFOPLIST_FILE = BeCopied/Info.plist;
				INFOPLIST_KEY_UIApplicationSupportsIndirectInputEvents = YES;
				INFOPLIST_KEY_UILaunchStoryboardName = LaunchScreen;
				INFOPLIST_KEY_UIMainStoryboardFile = Main;
				INFOPLIST_KEY_UISupportedInterfaceOrientations_iPad = "UIInterfaceOrientationPortrait UIInterfaceOrientationPortraitUpsideDown UIInterfaceOrientationLandscapeLeft UIInterfaceOrientationLandscapeRight";
				INFOPLIST_KEY_UISupportedInterfaceOrientations_iPhone = "UIInterfaceOrientationPortrait UIInterfaceOrientationLandscapeLeft UIInterfaceOrientationLandscapeRight";
				LD_RUNPATH_SEARCH_PATHS = (
					"$(inherited)",
					"@executable_path/Frameworks",
				);
				MARKETING_VERSION = 1.0;
				PRODUCT_BUNDLE_IDENTIFIER = com.BeCopied;
				PRODUCT_NAME = "$(TARGET_NAME)";
				SWIFT_EMIT_LOC_STRINGS = YES;
				SWIFT_VERSION = 5.0;
				TARGETED_DEVICE_FAMILY = "1,2";
			};
			name = Release;
		};
/* End XCBuildConfiguration section */

/* Begin XCConfigurationList section */
		C578D6B028197580004A4BBF /* Build configuration list for PBXProject "BeCopied" */ = {
			isa = XCConfigurationList;
			buildConfigurations = (
				C578D6C728197582004A4BBF /* Debug */,
				C578D6C828197582004A4BBF /* Release */,
			);
			defaultConfigurationIsVisible = 0;
			defaultConfigurationName = Release;
		};
		C578D6C928197582004A4BBF /* Build configuration list for PBXNativeTarget "BeCopied" */ = {
			isa = XCConfigurationList;
			buildConfigurations = (
				C578D6CA28197582004A4BBF /* Debug */,
				C578D6CB28197582004A4BBF /* Release */,
			);
			defaultConfigurationIsVisible = 0;
			defaultConfigurationName = Release;
		};
/* End XCConfigurationList section */

/* Begin XCRemoteSwiftPackageReference section */
		C59C09C42823FDB400900479 /* XCRemoteSwiftPackageReference "SnapKit" */ = {
			isa = XCRemoteSwiftPackageReference;
			repositoryURL = "https://github.com/SnapKit/SnapKit.git";
			requirement = {
				kind = upToNextMajorVersion;
				minimumVersion = 5.0.0;
			};
		};
/* End XCRemoteSwiftPackageReference section */

/* Begin XCSwiftPackageProductDependency section */
		C59C09C52823FDB400900479 /* SnapKit */ = {
			isa = XCSwiftPackageProductDependency;
			package = C59C09C42823FDB400900479 /* XCRemoteSwiftPackageReference "SnapKit" */;
			productName = SnapKit;
		};
/* End XCSwiftPackageProductDependency section */
	};
	rootObject = C578D6AD28197580004A4BBF /* Project object */;
}
